<?xml version="1.0" encoding="utf-8"?>
<Project ToolsVersion="4.0" xmlns="http://schemas.microsoft.com/developer/msbuild/2003">
  <ItemGroup>
    <Filter Include="リソース ファイル">
      <UniqueIdentifier>{67DA6AB6-F800-4c08-8B7A-83BB121AAD01}</UniqueIdentifier>
      <Extensions>rc;ico;cur;bmp;dlg;rc2;rct;bin;rgs;gif;jpg;jpeg;jpe;resx;tiff;tif;png;wav;mfcribbon-ms</Extensions>
    </Filter>
    <Filter Include="01Engine">
      <UniqueIdentifier>{e5fccdcb-f299-4448-bdb6-01fa28039576}</UniqueIdentifier>
    </Filter>
    <Filter Include="01Engine\GameObject">
      <UniqueIdentifier>{b450e438-c939-4b05-b319-0e3c0b4a335c}</UniqueIdentifier>
    </Filter>
    <Filter Include="01Engine\ResourceManager">
      <UniqueIdentifier>{bedee914-5063-4c08-95bb-79c861b4969c}</UniqueIdentifier>
    </Filter>
    <Filter Include="ImGui">
      <UniqueIdentifier>{a132f358-a607-4695-90e2-f44d400397ff}</UniqueIdentifier>
    </Filter>
    <Filter Include="10PlayScene">
      <UniqueIdentifier>{816aca37-0156-49d6-8e9b-8462f2b29676}</UniqueIdentifier>
    </Filter>
    <Filter Include="Character">
      <UniqueIdentifier>{66ee13bc-cf61-4e1b-bf0d-8335a8e87b5c}</UniqueIdentifier>
    </Filter>
    <Filter Include="Character\Characters">
      <UniqueIdentifier>{b8e0de91-cfdb-4013-a5a3-ec28e33d3128}</UniqueIdentifier>
    </Filter>
    <Filter Include="Scene">
      <UniqueIdentifier>{59e8b294-6cba-41d9-a3c5-31f52d3bb429}</UniqueIdentifier>
    </Filter>
    <Filter Include="Icon">
      <UniqueIdentifier>{2894f51d-329c-438d-b9ba-eec66ea188db}</UniqueIdentifier>
    </Filter>
    <Filter Include="Icon\MiniMap">
      <UniqueIdentifier>{5e07570e-4f84-42d0-a971-99763011afc9}</UniqueIdentifier>
    </Filter>
    <Filter Include="Icon\MovementIcons">
      <UniqueIdentifier>{3747389e-fb79-41fe-9e53-a35a98cf0500}</UniqueIdentifier>
    </Filter>
    <Filter Include="Icon\TriggerIcons">
      <UniqueIdentifier>{4ea67eef-9d62-41a4-86ba-b9c6a8302c65}</UniqueIdentifier>
    </Filter>
    <Filter Include="Icon\CharacterIcons">
      <UniqueIdentifier>{23254e2a-bf8b-4ebc-bb64-2b14b141c49c}</UniqueIdentifier>
    </Filter>
  </ItemGroup>
  <ItemGroup>
    <ClCompile Include="Engine\GameObject.cpp">
      <Filter>01Engine\GameObject</Filter>
    </ClCompile>
    <ClCompile Include="Engine\RootObject.cpp">
      <Filter>01Engine\GameObject</Filter>
    </ClCompile>
    <ClCompile Include="Engine\Main.cpp">
      <Filter>01Engine</Filter>
    </ClCompile>
    <ClCompile Include="Engine\SceneManager.cpp">
      <Filter>01Engine</Filter>
    </ClCompile>
    <ClCompile Include="Engine\Transform.cpp">
      <Filter>01Engine\GameObject</Filter>
    </ClCompile>
    <ClCompile Include="ImGui\imgui.cpp">
      <Filter>ImGui</Filter>
    </ClCompile>
    <ClCompile Include="ImGui\imgui_draw.cpp">
      <Filter>ImGui</Filter>
    </ClCompile>
    <ClCompile Include="ImGui\imgui_impl_dx9.cpp">
      <Filter>ImGui</Filter>
    </ClCompile>
    <ClCompile Include="ImGui\imgui_impl_dx11.cpp">
      <Filter>ImGui</Filter>
    </ClCompile>
    <ClCompile Include="ImGui\imgui_impl_win32.cpp">
      <Filter>ImGui</Filter>
    </ClCompile>
    <ClCompile Include="ImGui\imgui_ja_gryph_ranges.cpp">
      <Filter>ImGui</Filter>
    </ClCompile>
    <ClCompile Include="ImGui\imgui_tables.cpp">
      <Filter>ImGui</Filter>
    </ClCompile>
    <ClCompile Include="ImGui\imgui_widgets.cpp">
      <Filter>ImGui</Filter>
    </ClCompile>
    <ClCompile Include="Player.cpp">
      <Filter>10PlayScene</Filter>
    </ClCompile>
    <ClCompile Include="Ground.cpp">
      <Filter>10PlayScene</Filter>
    </ClCompile>
    <ClCompile Include="Object3D.cpp">
      <Filter>10PlayScene</Filter>
    </ClCompile>
    <ClCompile Include="animator.cpp">
      <Filter>10PlayScene</Filter>
    </ClCompile>
    <ClCompile Include="Engine\time.cpp">
      <Filter>01Engine</Filter>
    </ClCompile>
    <ClCompile Include="Goblin.cpp">
      <Filter>10PlayScene</Filter>
    </ClCompile>
    <ClCompile Include="Camera.cpp">
      <Filter>10PlayScene</Filter>
    </ClCompile>
    <ClCompile Include="Player1.cpp" />
    <ClCompile Include="Tile.cpp" />
    <ClCompile Include="Character.cpp">
      <Filter>Character</Filter>
    </ClCompile>
    <ClCompile Include="TitleScene.cpp">
      <Filter>Scene</Filter>
    </ClCompile>
    <ClCompile Include="TestScene.cpp">
      <Filter>Scene</Filter>
    </ClCompile>
    <ClCompile Include="PlayScene.cpp">
      <Filter>Scene</Filter>
    </ClCompile>
    <ClCompile Include="Mikumo_Osamu.cpp">
      <Filter>Character\Characters</Filter>
    </ClCompile>
    <ClCompile Include="Kuga_Yuuma.cpp">
      <Filter>Character\Characters</Filter>
    </ClCompile>
    <ClCompile Include="Amatori_Chika.cpp">
      <Filter>Character\Characters</Filter>
    </ClCompile>
    <ClCompile Include="Engine\CsvReader.cpp">
      <Filter>01Engine\ResourceManager</Filter>
    </ClCompile>
    <ClCompile Include="CharacterIcon.cpp">
      <Filter>Icon\CharacterIcons</Filter>
    </ClCompile>
    <ClCompile Include="CharacterSelectUI.cpp">
      <Filter>Icon\CharacterIcons</Filter>
    </ClCompile>
    <ClCompile Include="CharacterSetUIFrame.cpp">
      <Filter>Icon\CharacterIcons</Filter>
    </ClCompile>
    <ClCompile Include="TriggerIcon.cpp">
      <Filter>Icon\TriggerIcons</Filter>
    </ClCompile>
    <ClCompile Include="TriggerSetButton.cpp">
      <Filter>Icon\TriggerIcons</Filter>
    </ClCompile>
    <ClCompile Include="TriggerSetUI.cpp">
      <Filter>Icon\TriggerIcons</Filter>
    </ClCompile>
    <ClCompile Include="TriggerSetUIFrame.cpp">
      <Filter>Icon\TriggerIcons</Filter>
    </ClCompile>
    <ClCompile Include="TriggerSetUIFrames.cpp">
      <Filter>Icon\TriggerIcons</Filter>
    </ClCompile>
    <ClCompile Include="TriggerIcons.cpp">
      <Filter>Icon\TriggerIcons</Filter>
    </ClCompile>
    <ClCompile Include="CharacterSetUIFrames.cpp">
      <Filter>Icon\CharacterIcons</Filter>
    </ClCompile>
    <ClCompile Include="SelectScene.cpp">
      <Filter>Scene</Filter>
    </ClCompile>
    <ClCompile Include="SetScene.cpp">
      <Filter>Scene</Filter>
    </ClCompile>
    <ClCompile Include="CharacterIcons.cpp">
      <Filter>Icon\CharacterIcons</Filter>
    </ClCompile>
    <ClCompile Include="Timer.cpp">
      <Filter>Icon</Filter>
    </ClCompile>
    <ClCompile Include="Unit.cpp">
      <Filter>Icon</Filter>
    </ClCompile>
    <ClCompile Include="Map.cpp">
      <Filter>Icon\MiniMap</Filter>
    </ClCompile>
    <ClCompile Include="TileIcon.cpp">
      <Filter>Icon\MiniMap</Filter>
    </ClCompile>
    <ClCompile Include="TileIcons.cpp">
      <Filter>Icon\MiniMap</Filter>
    </ClCompile>
    <ClCompile Include="UnitIcon.cpp">
      <Filter>Icon\MiniMap</Filter>
    </ClCompile>
    <ClCompile Include="UnitIcons.cpp">
      <Filter>Icon\MiniMap</Filter>
    </ClCompile>
    <ClCompile Include="Enemy.cpp" />
    <ClCompile Include="TriggerSetUIs.cpp">
      <Filter>Icon\TriggerIcons</Filter>
    </ClCompile>
    <ClCompile Include="MoveSetIcon.cpp">
      <Filter>Icon\MovementIcons</Filter>
    </ClCompile>
    <ClCompile Include="MoveSetIcons.cpp">
      <Filter>Icon\MovementIcons</Filter>
    </ClCompile>
    <ClCompile Include="MoveSelectIcon.cpp">
      <Filter>Icon\MovementIcons</Filter>
    </ClCompile>
    <ClCompile Include="MoveSelectIcons.cpp">
      <Filter>Icon\MovementIcons</Filter>
    </ClCompile>
    <ClCompile Include="MoveTypeIcon.cpp">
      <Filter>Icon\MovementIcons</Filter>
    </ClCompile>
    <ClCompile Include="MoveTypeIcons.cpp">
      <Filter>Icon\MovementIcons</Filter>
    </ClCompile>
    <ClCompile Include="BackGround.cpp">
      <Filter>Icon</Filter>
    </ClCompile>
    <ClCompile Include="Icon.cpp">
      <Filter>Icon</Filter>
    </ClCompile>
    <ClCompile Include="Icons.cpp">
      <Filter>Icon</Filter>
    </ClCompile>
    <ClCompile Include="OkButton.cpp">
      <Filter>Icon</Filter>
    </ClCompile>
    <ClCompile Include="rader.cpp">
      <Filter>Icon</Filter>
    </ClCompile>
    <ClCompile Include="SelectIcons.cpp">
      <Filter>Icon</Filter>
    </ClCompile>
    <ClCompile Include="SetIcons.cpp">
      <Filter>Icon</Filter>
    </ClCompile>
    <ClCompile Include="MoveTypesIcons.cpp">
      <Filter>Icon\MovementIcons</Filter>
    </ClCompile>
    <ClCompile Include="Mouse.cpp">
      <Filter>01Engine</Filter>
    </ClCompile>
    <ClCompile Include="MoveMentsLoad.cpp">
      <Filter>Icon\MiniMap</Filter>
    </ClCompile>
    <ClCompile Include="MoveMentsLoads.cpp">
      <Filter>Icon\MiniMap</Filter>
    </ClCompile>
    <ClCompile Include="TriggerArcIcon.cpp">
      <Filter>Icon\MiniMap</Filter>
    </ClCompile>
    <ClCompile Include="TriggersArcIcon.cpp">
      <Filter>Icon\MiniMap</Filter>
    </ClCompile>
    <ClCompile Include="TriggersArcIcons.cpp">
      <Filter>Icon\MiniMap</Filter>
    </ClCompile>
    <ClCompile Include="Characters.cpp">
      <Filter>Character</Filter>
    </ClCompile>
  </ItemGroup>
  <ItemGroup>
    <ClInclude Include="Engine\GameObject.h">
      <Filter>01Engine\GameObject</Filter>
    </ClInclude>
    <ClInclude Include="Engine\RootObject.h">
      <Filter>01Engine\GameObject</Filter>
    </ClInclude>
    <ClInclude Include="Engine\Global.h">
      <Filter>01Engine</Filter>
    </ClInclude>
    <ClInclude Include="Engine\SceneManager.h">
      <Filter>01Engine</Filter>
    </ClInclude>
    <ClInclude Include="Engine\Transform.h">
      <Filter>01Engine\GameObject</Filter>
    </ClInclude>
    <ClInclude Include="ImGui\imconfig.h">
      <Filter>ImGui</Filter>
    </ClInclude>
    <ClInclude Include="ImGui\imgui.h">
      <Filter>ImGui</Filter>
    </ClInclude>
    <ClInclude Include="ImGui\imgui_impl_dx9.h">
      <Filter>ImGui</Filter>
    </ClInclude>
    <ClInclude Include="ImGui\imgui_impl_dx11.h">
      <Filter>ImGui</Filter>
    </ClInclude>
    <ClInclude Include="ImGui\imgui_impl_dxlib.hpp">
      <Filter>ImGui</Filter>
    </ClInclude>
    <ClInclude Include="ImGui\imgui_impl_win32.h">
      <Filter>ImGui</Filter>
    </ClInclude>
    <ClInclude Include="ImGui\imgui_internal.h">
      <Filter>ImGui</Filter>
    </ClInclude>
    <ClInclude Include="ImGui\imstb_rectpack.h">
      <Filter>ImGui</Filter>
    </ClInclude>
    <ClInclude Include="ImGui\imstb_textedit.h">
      <Filter>ImGui</Filter>
    </ClInclude>
    <ClInclude Include="ImGui\imstb_truetype.h">
      <Filter>ImGui</Filter>
    </ClInclude>
    <ClInclude Include="Player.h">
      <Filter>10PlayScene</Filter>
    </ClInclude>
    <ClInclude Include="Ground.h">
      <Filter>10PlayScene</Filter>
    </ClInclude>
    <ClInclude Include="Object3D.h">
      <Filter>10PlayScene</Filter>
    </ClInclude>
    <ClInclude Include="Animator.h">
      <Filter>10PlayScene</Filter>
    </ClInclude>
    <ClInclude Include="Engine\time.h">
      <Filter>01Engine</Filter>
    </ClInclude>
    <ClInclude Include="Goblin.h">
      <Filter>10PlayScene</Filter>
    </ClInclude>
    <ClInclude Include="Camera.h">
      <Filter>10PlayScene</Filter>
    </ClInclude>
    <ClInclude Include="Player1.h" />
    <ClInclude Include="Tile.h" />
    <ClInclude Include="Character.h">
      <Filter>Character</Filter>
    </ClInclude>
    <ClInclude Include="TitleScene.h">
      <Filter>Scene</Filter>
    </ClInclude>
    <ClInclude Include="TestScene.h">
      <Filter>Scene</Filter>
    </ClInclude>
    <ClInclude Include="PlayScene.h">
      <Filter>Scene</Filter>
    </ClInclude>
    <ClInclude Include="Mikumo_Osamu.h">
      <Filter>Character\Characters</Filter>
    </ClInclude>
    <ClInclude Include="Kuga_Yuuma.h">
      <Filter>Character\Characters</Filter>
    </ClInclude>
    <ClInclude Include="Amatori_Chika.h">
      <Filter>Character\Characters</Filter>
    </ClInclude>
    <ClInclude Include="Engine\CsvReader.h">
      <Filter>01Engine\ResourceManager</Filter>
    </ClInclude>
    <ClInclude Include="globals.h" />
    <ClInclude Include="CharacterIcon.h">
      <Filter>Icon\CharacterIcons</Filter>
    </ClInclude>
    <ClInclude Include="CharacterSelectUI.h">
      <Filter>Icon\CharacterIcons</Filter>
    </ClInclude>
    <ClInclude Include="CharacterSetUIFrame.h">
      <Filter>Icon\CharacterIcons</Filter>
    </ClInclude>
    <ClInclude Include="TriggerIcon.h">
      <Filter>Icon\TriggerIcons</Filter>
    </ClInclude>
    <ClInclude Include="TriggerSetButton.h">
      <Filter>Icon\TriggerIcons</Filter>
    </ClInclude>
    <ClInclude Include="TriggerSetUI.h">
      <Filter>Icon\TriggerIcons</Filter>
    </ClInclude>
    <ClInclude Include="TriggerSetUIFrame.h">
      <Filter>Icon\TriggerIcons</Filter>
    </ClInclude>
    <ClInclude Include="TriggerSetUIFrames.h">
      <Filter>Icon\TriggerIcons</Filter>
    </ClInclude>
    <ClInclude Include="TriggerIcons.h">
      <Filter>Icon\TriggerIcons</Filter>
    </ClInclude>
    <ClInclude Include="CharacterSetUIFrames.h">
      <Filter>Icon\CharacterIcons</Filter>
    </ClInclude>
    <ClInclude Include="SelectScene.h">
      <Filter>Scene</Filter>
    </ClInclude>
    <ClInclude Include="SetScene.h">
      <Filter>Scene</Filter>
    </ClInclude>
    <ClInclude Include="CharacterIcons.h">
      <Filter>Icon\CharacterIcons</Filter>
    </ClInclude>
    <ClInclude Include="Timer.h">
      <Filter>Icon</Filter>
    </ClInclude>
    <ClInclude Include="Unit.h">
      <Filter>Icon</Filter>
    </ClInclude>
    <ClInclude Include="Map.h">
      <Filter>Icon\MiniMap</Filter>
    </ClInclude>
    <ClInclude Include="TileIcon.h">
      <Filter>Icon\MiniMap</Filter>
    </ClInclude>
    <ClInclude Include="TileIcons.h">
      <Filter>Icon\MiniMap</Filter>
    </ClInclude>
    <ClInclude Include="UnitIcon.h">
      <Filter>Icon\MiniMap</Filter>
    </ClInclude>
    <ClInclude Include="UnitIcons.h">
      <Filter>Icon\MiniMap</Filter>
    </ClInclude>
    <ClInclude Include="Enemy.h" />
    <ClInclude Include="TriggerSetUIs.h">
      <Filter>Icon\TriggerIcons</Filter>
    </ClInclude>
    <ClInclude Include="MoveSetIcon.h">
      <Filter>Icon\MovementIcons</Filter>
    </ClInclude>
    <ClInclude Include="MoveSetIcons.h">
      <Filter>Icon\MovementIcons</Filter>
    </ClInclude>
    <ClInclude Include="MoveSelectIcon.h">
      <Filter>Icon\MovementIcons</Filter>
    </ClInclude>
    <ClInclude Include="MoveSelectIcons.h">
      <Filter>Icon\MovementIcons</Filter>
    </ClInclude>
    <ClInclude Include="MoveTypeIcon.h">
      <Filter>Icon\MovementIcons</Filter>
    </ClInclude>
    <ClInclude Include="MoveTypeIcons.h">
      <Filter>Icon\MovementIcons</Filter>
    </ClInclude>
    <ClInclude Include="BackGround.h">
      <Filter>Icon</Filter>
    </ClInclude>
    <ClInclude Include="Icon.h">
      <Filter>Icon</Filter>
    </ClInclude>
    <ClInclude Include="Icons.h">
      <Filter>Icon</Filter>
    </ClInclude>
    <ClInclude Include="OkButton.h">
      <Filter>Icon</Filter>
    </ClInclude>
    <ClInclude Include="rader.h">
      <Filter>Icon</Filter>
    </ClInclude>
    <ClInclude Include="SelectIcons.h">
      <Filter>Icon</Filter>
    </ClInclude>
    <ClInclude Include="SetIcons.h">
      <Filter>Icon</Filter>
    </ClInclude>
    <ClInclude Include="MoveTypesIcons.h">
      <Filter>Icon\MovementIcons</Filter>
    </ClInclude>
    <ClInclude Include="Mouse.h">
      <Filter>01Engine</Filter>
    </ClInclude>
    <ClInclude Include="MoveMentsLoad.h">
      <Filter>Icon\MiniMap</Filter>
    </ClInclude>
    <ClInclude Include="MoveMentsLoads.h">
      <Filter>Icon\MiniMap</Filter>
    </ClInclude>
    <ClInclude Include="TriggerArcIcon.h">
      <Filter>Icon\MiniMap</Filter>
    </ClInclude>
    <ClInclude Include="TriggersArcIcon.h">
      <Filter>Icon\MiniMap</Filter>
    </ClInclude>
    <ClInclude Include="TriggersArcIcons.h">
      <Filter>Icon\MiniMap</Filter>
    </ClInclude>
    <ClInclude Include="Characters.h">
      <Filter>Character</Filter>
    </ClInclude>
  </ItemGroup>
  <ItemGroup>
    <ResourceCompile Include="GameBaseDx11.rc">
      <Filter>リソース ファイル</Filter>
    </ResourceCompile>
  </ItemGroup>
</Project>